
Microsoft Visual Studio Solution File, Format Version 12.00
# Visual Studio 14
VisualStudioVersion = 14.0.25420.1
MinimumVisualStudioVersion = 10.0.40219.1
Project("{FAE04EC0-301F-11D3-BF4B-00C04F79EFBC}") = "ajedrezForm", "ajedrezForm\ajedrezForm.csproj", "{6465C88F-17E7-43A0-9813-3A7E2B8E9CC1}"
EndProject
Project("{2150E333-8FDC-42A3-9474-1A3956D46DE8}") = "Solution Items", "Solution Items", "{F93F64C1-D900-4378-94DA-2C7A909FA6F3}"
EndProject
Global
	GlobalSection(SolutionConfigurationPlatforms) = preSolution
		Debug|Any CPU = Debug|Any CPU
		Release|Any CPU = Release|Any CPU
	EndGlobalSection
	GlobalSection(ProjectConfigurationPlatforms) = postSolution
		{6465C88F-17E7-43A0-9813-3A7E2B8E9CC1}.Debug|Any CPU.ActiveCfg = Debug|Any CPU
		{6465C88F-17E7-43A0-9813-3A7E2B8E9CC1}.Debug|Any CPU.Build.0 = Debug|Any CPU
		{6465C88F-17E7-43A0-9813-3A7E2B8E9CC1}.Release|Any CPU.ActiveCfg = Release|Any CPU
		{6465C88F-17E7-43A0-9813-3A7E2B8E9CC1}.Release|Any CPU.Build.0 = Release|Any CPU
	EndGlobalSection
	GlobalSection(SolutionProperties) = preSolution
		HideSolutionNode = FALSE
	EndGlobalSection
EndGlobal
